{
  "name": "@dao-dao/i18n",
  "version": "0.1.0",
  "lockfileVersion": 1,
  "requires": true,
  "dependencies": {
    "@babel/runtime": {
      "version": "7.18.3",
      "resolved": "https://registry.npmjs.org/@babel/runtime/-/runtime-7.18.3.tgz",
      "integrity": "sha512-38Y8f7YUhce/K7RMwTp7m0uCumpv9hZkitCbBClqQIow1qSbCvGkcegKOXpEWCQLfWmevgRiWokZ1GkpfhbZug==",
      "requires": {
        "regenerator-runtime": "^0.13.4"
      }
    },
    "html-escaper": {
      "version": "2.0.2",
      "resolved": "https://registry.npmjs.org/html-escaper/-/html-escaper-2.0.2.tgz",
      "integrity": "sha512-H2iMtd0I4Mt5eYiapRdIDjp+XzelXQ0tFE4JS7YFwFevXXMmOp9myNrUvCg0D6ws8iqkRPBfKHgbwig1SmlLfg=="
    },
    "html-parse-stringify": {
      "version": "3.0.1",
      "resolved": "https://registry.npmjs.org/html-parse-stringify/-/html-parse-stringify-3.0.1.tgz",
      "integrity": "sha512-KknJ50kTInJ7qIScF3jeaFRpMpE8/lfiTdzf/twXyPBLAGrLRTmkz3AdTnKeh40X8k9L2fdYwEp/42WGXIRGcg==",
      "requires": {
        "void-elements": "3.1.0"
      }
    },
    "i18next": {
      "version": "21.8.9",
      "resolved": "https://registry.npmjs.org/i18next/-/i18next-21.8.9.tgz",
      "integrity": "sha512-PY9a/8ADVmnju1tETeglbbVQi+nM5pcJQWm9kvKMTE3GPgHHtpDsHy5HQ/hccz2/xtW7j3vuso23JdQSH0EttA==",
      "requires": {
        "@babel/runtime": "^7.17.2"
      }
    },
    "i18next-browser-languagedetector": {
      "version": "6.1.4",
      "resolved": "https://registry.npmjs.org/i18next-browser-languagedetector/-/i18next-browser-languagedetector-6.1.4.tgz",
      "integrity": "sha512-wukWnFeU7rKIWT66VU5i8I+3Zc4wReGcuDK2+kuFhtoxBRGWGdvYI9UQmqNL/yQH1KogWwh+xGEaIPH8V/i2Zg==",
      "requires": {
        "@babel/runtime": "^7.14.6"
      }
    },
    "react-i18next": {
      "version": "11.17.0",
      "resolved": "https://registry.npmjs.org/react-i18next/-/react-i18next-11.17.0.tgz",
      "integrity": "sha512-ewq2S4bVUTRqOMAdM/XvzCn9xUPIryzeBQRghmJ8lC6VI/8Kp7z1GwoLyt8j7GB2ywhN2SjPk7LU4sHzVeu7aw==",
      "requires": {
        "@babel/runtime": "^7.14.5",
        "html-escaper": "^2.0.2",
        "html-parse-stringify": "^3.0.1"
      }
    },
    "regenerator-runtime": {
      "version": "0.13.9",
      "resolved": "https://registry.npmjs.org/regenerator-runtime/-/regenerator-runtime-0.13.9.tgz",
      "integrity": "sha512-p3VT+cOEgxFsRRA9X4lkI1E+k2/CtnKtU4gcxyaCUreilL/vqI6CdZ3wxVUx3UOUg+gnUOQQcRI7BmSI656MYA=="
    },
    "typescript": {
      "version": "4.7.3",
      "resolved": "https://registry.npmjs.org/typescript/-/typescript-4.7.3.tgz",
      "integrity": "sha512-WOkT3XYvrpXx4vMMqlD+8R8R37fZkjyLGlxavMc4iB8lrl8L0DeTcHbYgw/v0N/z9wAFsgBhcsF0ruoySS22mA==",
      "dev": true
    },
    "void-elements": {
      "version": "3.1.0",
      "resolved": "https://registry.npmjs.org/void-elements/-/void-elements-3.1.0.tgz",
      "integrity": "sha1-YU9/v42AHwu18GYfWy9XhXUOTwk="
    }
  }
}
